
Microsoft Visual Studio Solution File, Format Version 12.00
# Visual Studio Version 16
VisualStudioVersion = 16.0.808.7
MinimumVisualStudioVersion = 10.0.40219.1
Project("{FAE04EC0-301F-11D3-BF4B-00C04F79EFBC}") = "Geometrie.Console", "Geometrie.Console\Geometrie.Console.csproj", "{E20EA1C8-D45E-4BC8-9E32-012B82AE1CD4}"
EndProject
Project("{FAE04EC0-301F-11D3-BF4B-00C04F79EFBC}") = "Geometrie.Models", "Geometrie.Models\Geometrie.Models.csproj", "{07ACEDCD-D8D2-422A-B19F-855B9DD9F831}"
EndProject
Global
	GlobalSection(SolutionConfigurationPlatforms) = preSolution
		Debug|Any CPU = Debug|Any CPU
		Release|Any CPU = Release|Any CPU
	EndGlobalSection
	GlobalSection(ProjectConfigurationPlatforms) = postSolution
		{E20EA1C8-D45E-4BC8-9E32-012B82AE1CD4}.Debug|Any CPU.ActiveCfg = Debug|Any CPU
		{E20EA1C8-D45E-4BC8-9E32-012B82AE1CD4}.Debug|Any CPU.Build.0 = Debug|Any CPU
		{E20EA1C8-D45E-4BC8-9E32-012B82AE1CD4}.Release|Any CPU.ActiveCfg = Release|Any CPU
		{E20EA1C8-D45E-4BC8-9E32-012B82AE1CD4}.Release|Any CPU.Build.0 = Release|Any CPU
		{07ACEDCD-D8D2-422A-B19F-855B9DD9F831}.Debug|Any CPU.ActiveCfg = Debug|Any CPU
		{07ACEDCD-D8D2-422A-B19F-855B9DD9F831}.Debug|Any CPU.Build.0 = Debug|Any CPU
		{07ACEDCD-D8D2-422A-B19F-855B9DD9F831}.Release|Any CPU.ActiveCfg = Release|Any CPU
		{07ACEDCD-D8D2-422A-B19F-855B9DD9F831}.Release|Any CPU.Build.0 = Release|Any CPU
	EndGlobalSection
	GlobalSection(SolutionProperties) = preSolution
		HideSolutionNode = FALSE
	EndGlobalSection
	GlobalSection(ExtensibilityGlobals) = postSolution
		SolutionGuid = {5EEC0EDB-029E-4D36-A704-852A6E414F54}
	EndGlobalSection
EndGlobal
